
Microsoft Visual Studio Solution File, Format Version 12.00
# Visual Studio 2012
Project("{FAE04EC0-301F-11D3-BF4B-00C04F79EFBC}") = "bitonicSequence", "bitonicSequence\bitonicSequence.csproj", "{F463AD29-F956-4251-86C1-1786607D6D80}"
EndProject
Global
	GlobalSection(SolutionConfigurationPlatforms) = preSolution
		Debug|Any CPU = Debug|Any CPU
		Release|Any CPU = Release|Any CPU
	EndGlobalSection
	GlobalSection(ProjectConfigurationPlatforms) = postSolution
		{F463AD29-F956-4251-86C1-1786607D6D80}.Debug|Any CPU.ActiveCfg = Debug|Any CPU
		{F463AD29-F956-4251-86C1-1786607D6D80}.Debug|Any CPU.Build.0 = Debug|Any CPU
		{F463AD29-F956-4251-86C1-1786607D6D80}.Release|Any CPU.ActiveCfg = Release|Any CPU
		{F463AD29-F956-4251-86C1-1786607D6D80}.Release|Any CPU.Build.0 = Release|Any CPU
	EndGlobalSection
	GlobalSection(SolutionProperties) = preSolution
		HideSolutionNode = FALSE
	EndGlobalSection
EndGlobal
